// !$*UTF8*$!
{
	archiveVersion = 1;
	classes = {
	};
	objectVersion = 56;
	objects = {

/* Begin PBXBuildFile section */
		CC3C0F162A6CF74700E19BC4 /* BuyPleaseApp.swift in Sources */ = {isa = PBXBuildFile; fileRef = CC3C0F152A6CF74700E19BC4 /* BuyPleaseApp.swift */; };
		CC3C0F182A6CF74700E19BC4 /* ContentView.swift in Sources */ = {isa = PBXBuildFile; fileRef = CC3C0F172A6CF74700E19BC4 /* ContentView.swift */; };
		CC3C0F1A2A6CF74900E19BC4 /* Assets.xcassets in Resources */ = {isa = PBXBuildFile; fileRef = CC3C0F192A6CF74900E19BC4 /* Assets.xcassets */; };
		CC3C0F1D2A6CF74900E19BC4 /* Preview Assets.xcassets in Resources */ = {isa = PBXBuildFile; fileRef = CC3C0F1C2A6CF74900E19BC4 /* Preview Assets.xcassets */; };
		CC3C0F252A6CF80A00E19BC4 /* Realm in Frameworks */ = {isa = PBXBuildFile; productRef = CC3C0F242A6CF80A00E19BC4 /* Realm */; };
		CC3C0F272A6CF80A00E19BC4 /* RealmSwift in Frameworks */ = {isa = PBXBuildFile; productRef = CC3C0F262A6CF80A00E19BC4 /* RealmSwift */; };
		CC3C0F2A2A6CFA5D00E19BC4 /* AddShopingListScreen.swift in Sources */ = {isa = PBXBuildFile; fileRef = CC3C0F292A6CFA5D00E19BC4 /* AddShopingListScreen.swift */; };
		CC3C0F2D2A6CFC1900E19BC4 /* ShoppingList.swift in Sources */ = {isa = PBXBuildFile; fileRef = CC3C0F2C2A6CFC1900E19BC4 /* ShoppingList.swift */; };
		CC3C0F2F2A6E451F00E19BC4 /* ShoppingItem.swift in Sources */ = {isa = PBXBuildFile; fileRef = CC3C0F2E2A6E451F00E19BC4 /* ShoppingItem.swift */; };
		CC3C0F322A6E463600E19BC4 /* Migrator.swift in Sources */ = {isa = PBXBuildFile; fileRef = CC3C0F312A6E463600E19BC4 /* Migrator.swift */; };
		CC3C0F342A6E483A00E19BC4 /* ShoppingListItemsScreen.swift in Sources */ = {isa = PBXBuildFile; fileRef = CC3C0F332A6E483A00E19BC4 /* ShoppingListItemsScreen.swift */; };
		CC3C0F362A6E490800E19BC4 /* AddShoppingListItemsScreen.swift in Sources */ = {isa = PBXBuildFile; fileRef = CC3C0F352A6E490800E19BC4 /* AddShoppingListItemsScreen.swift */; };
		CC3C0F392A6E509A00E19BC4 /* ShoppingItemCell.swift in Sources */ = {isa = PBXBuildFile; fileRef = CC3C0F382A6E509A00E19BC4 /* ShoppingItemCell.swift */; };
		CC3C0F3B2A70E88400E19BC4 /* CategoryFilterView.swift in Sources */ = {isa = PBXBuildFile; fileRef = CC3C0F3A2A70E88400E19BC4 /* CategoryFilterView.swift */; };
/* End PBXBuildFile section */

/* Begin PBXFileReference section */
		CC3C0F122A6CF74700E19BC4 /* BuyPlease.app */ = {isa = PBXFileReference; explicitFileType = wrapper.application; includeInIndex = 0; path = BuyPlease.app; sourceTree = BUILT_PRODUCTS_DIR; };
		CC3C0F152A6CF74700E19BC4 /* BuyPleaseApp.swift */ = {isa = PBXFileReference; lastKnownFileType = sourcecode.swift; path = BuyPleaseApp.swift; sourceTree = "<group>"; };
		CC3C0F172A6CF74700E19BC4 /* ContentView.swift */ = {isa = PBXFileReference; lastKnownFileType = sourcecode.swift; path = ContentView.swift; sourceTree = "<group>"; };
		CC3C0F192A6CF74900E19BC4 /* Assets.xcassets */ = {isa = PBXFileReference; lastKnownFileType = folder.assetcatalog; path = Assets.xcassets; sourceTree = "<group>"; };
		CC3C0F1C2A6CF74900E19BC4 /* Preview Assets.xcassets */ = {isa = PBXFileReference; lastKnownFileType = folder.assetcatalog; path = "Preview Assets.xcassets"; sourceTree = "<group>"; };
		CC3C0F292A6CFA5D00E19BC4 /* AddShopingListScreen.swift */ = {isa = PBXFileReference; lastKnownFileType = sourcecode.swift; path = AddShopingListScreen.swift; sourceTree = "<group>"; };
		CC3C0F2C2A6CFC1900E19BC4 /* ShoppingList.swift */ = {isa = PBXFileReference; lastKnownFileType = sourcecode.swift; path = ShoppingList.swift; sourceTree = "<group>"; };
		CC3C0F2E2A6E451F00E19BC4 /* ShoppingItem.swift */ = {isa = PBXFileReference; lastKnownFileType = sourcecode.swift; path = ShoppingItem.swift; sourceTree = "<group>"; };
		CC3C0F312A6E463600E19BC4 /* Migrator.swift */ = {isa = PBXFileReference; lastKnownFileType = sourcecode.swift; path = Migrator.swift; sourceTree = "<group>"; };
		CC3C0F332A6E483A00E19BC4 /* ShoppingListItemsScreen.swift */ = {isa = PBXFileReference; lastKnownFileType = sourcecode.swift; path = ShoppingListItemsScreen.swift; sourceTree = "<group>"; };
		CC3C0F352A6E490800E19BC4 /* AddShoppingListItemsScreen.swift */ = {isa = PBXFileReference; lastKnownFileType = sourcecode.swift; path = AddShoppingListItemsScreen.swift; sourceTree = "<group>"; };
		CC3C0F382A6E509A00E19BC4 /* ShoppingItemCell.swift */ = {isa = PBXFileReference; lastKnownFileType = sourcecode.swift; path = ShoppingItemCell.swift; sourceTree = "<group>"; };
		CC3C0F3A2A70E88400E19BC4 /* CategoryFilterView.swift */ = {isa = PBXFileReference; lastKnownFileType = sourcecode.swift; path = CategoryFilterView.swift; sourceTree = "<group>"; };
/* End PBXFileReference section */

/* Begin PBXFrameworksBuildPhase section */
		CC3C0F0F2A6CF74700E19BC4 /* Frameworks */ = {
			isa = PBXFrameworksBuildPhase;
			buildActionMask = 2147483647;
			files = (
				CC3C0F272A6CF80A00E19BC4 /* RealmSwift in Frameworks */,
				CC3C0F252A6CF80A00E19BC4 /* Realm in Frameworks */,
			);
			runOnlyForDeploymentPostprocessing = 0;
		};
/* End PBXFrameworksBuildPhase section */

/* Begin PBXGroup section */
		CC3C0F092A6CF74700E19BC4 = {
			isa = PBXGroup;
			children = (
				CC3C0F142A6CF74700E19BC4 /* BuyPlease */,
				CC3C0F132A6CF74700E19BC4 /* Products */,
			);
			sourceTree = "<group>";
		};
		CC3C0F132A6CF74700E19BC4 /* Products */ = {
			isa = PBXGroup;
			children = (
				CC3C0F122A6CF74700E19BC4 /* BuyPlease.app */,
			);
			name = Products;
			sourceTree = "<group>";
		};
		CC3C0F142A6CF74700E19BC4 /* BuyPlease */ = {
			isa = PBXGroup;
			children = (
				CC3C0F302A6E462A00E19BC4 /* Utils */,
				CC3C0F2B2A6CFC0C00E19BC4 /* Models */,
				CC3C0F282A6CFA5200E19BC4 /* Views */,
				CC3C0F152A6CF74700E19BC4 /* BuyPleaseApp.swift */,
				CC3C0F192A6CF74900E19BC4 /* Assets.xcassets */,
				CC3C0F1B2A6CF74900E19BC4 /* Preview Content */,
			);
			path = BuyPlease;
			sourceTree = "<group>";
		};
		CC3C0F1B2A6CF74900E19BC4 /* Preview Content */ = {
			isa = PBXGroup;
			children = (
				CC3C0F1C2A6CF74900E19BC4 /* Preview Assets.xcassets */,
			);
			path = "Preview Content";
			sourceTree = "<group>";
		};
		CC3C0F282A6CFA5200E19BC4 /* Views */ = {
			isa = PBXGroup;
			children = (
				CC3C0F3C2A70F05100E19BC4 /* SubViews */,
				CC3C0F292A6CFA5D00E19BC4 /* AddShopingListScreen.swift */,
				CC3C0F332A6E483A00E19BC4 /* ShoppingListItemsScreen.swift */,
				CC3C0F352A6E490800E19BC4 /* AddShoppingListItemsScreen.swift */,
				CC3C0F172A6CF74700E19BC4 /* ContentView.swift */,
			);
			path = Views;
			sourceTree = "<group>";
		};
		CC3C0F2B2A6CFC0C00E19BC4 /* Models */ = {
			isa = PBXGroup;
			children = (
				CC3C0F2C2A6CFC1900E19BC4 /* ShoppingList.swift */,
				CC3C0F2E2A6E451F00E19BC4 /* ShoppingItem.swift */,
			);
			path = Models;
			sourceTree = "<group>";
		};
		CC3C0F302A6E462A00E19BC4 /* Utils */ = {
			isa = PBXGroup;
			children = (
				CC3C0F312A6E463600E19BC4 /* Migrator.swift */,
			);
			path = Utils;
			sourceTree = "<group>";
		};
		CC3C0F3C2A70F05100E19BC4 /* SubViews */ = {
			isa = PBXGroup;
			children = (
				CC3C0F3A2A70E88400E19BC4 /* CategoryFilterView.swift */,
				CC3C0F382A6E509A00E19BC4 /* ShoppingItemCell.swift */,
			);
			path = SubViews;
			sourceTree = "<group>";
		};
/* End PBXGroup section */

/* Begin PBXNativeTarget section */
		CC3C0F112A6CF74700E19BC4 /* BuyPlease */ = {
			isa = PBXNativeTarget;
			buildConfigurationList = CC3C0F202A6CF74900E19BC4 /* Build configuration list for PBXNativeTarget "BuyPlease" */;
			buildPhases = (
				CC3C0F0E2A6CF74700E19BC4 /* Sources */,
				CC3C0F0F2A6CF74700E19BC4 /* Frameworks */,
				CC3C0F102A6CF74700E19BC4 /* Resources */,
			);
			buildRules = (
			);
			dependencies = (
			);
			name = BuyPlease;
			packageProductDependencies = (
				CC3C0F242A6CF80A00E19BC4 /* Realm */,
				CC3C0F262A6CF80A00E19BC4 /* RealmSwift */,
			);
			productName = BuyPlease;
			productReference = CC3C0F122A6CF74700E19BC4 /* BuyPlease.app */;
			productType = "com.apple.product-type.application";
		};
/* End PBXNativeTarget section */

/* Begin PBXProject section */
		CC3C0F0A2A6CF74700E19BC4 /* Project object */ = {
			isa = PBXProject;
			attributes = {
				BuildIndependentTargetsInParallel = 1;
				LastSwiftUpdateCheck = 1430;
				LastUpgradeCheck = 1430;
				TargetAttributes = {
					CC3C0F112A6CF74700E19BC4 = {
						CreatedOnToolsVersion = 14.3;
					};
				};
			};
			buildConfigurationList = CC3C0F0D2A6CF74700E19BC4 /* Build configuration list for PBXProject "BuyPlease" */;
			compatibilityVersion = "Xcode 14.0";
			developmentRegion = en;
			hasScannedForEncodings = 0;
			knownRegions = (
				en,
				Base,
			);
			mainGroup = CC3C0F092A6CF74700E19BC4;
			packageReferences = (
				CC3C0F232A6CF80A00E19BC4 /* XCRemoteSwiftPackageReference "realm-swift" */,
			);
			productRefGroup = CC3C0F132A6CF74700E19BC4 /* Products */;
			projectDirPath = "";
			projectRoot = "";
			targets = (
				CC3C0F112A6CF74700E19BC4 /* BuyPlease */,
			);
		};
/* End PBXProject section */

/* Begin PBXResourcesBuildPhase section */
		CC3C0F102A6CF74700E19BC4 /* Resources */ = {
			isa = PBXResourcesBuildPhase;
			buildActionMask = 2147483647;
			files = (
				CC3C0F1D2A6CF74900E19BC4 /* Preview Assets.xcassets in Resources */,
				CC3C0F1A2A6CF74900E19BC4 /* Assets.xcassets in Resources */,
			);
			runOnlyForDeploymentPostprocessing = 0;
		};
/* End PBXResourcesBuildPhase section */

/* Begin PBXSourcesBuildPhase section */
		CC3C0F0E2A6CF74700E19BC4 /* Sources */ = {
			isa = PBXSourcesBuildPhase;
			buildActionMask = 2147483647;
			files = (
				CC3C0F392A6E509A00E19BC4 /* ShoppingItemCell.swift in Sources */,
				CC3C0F182A6CF74700E19BC4 /* ContentView.swift in Sources */,
				CC3C0F3B2A70E88400E19BC4 /* CategoryFilterView.swift in Sources */,
				CC3C0F342A6E483A00E19BC4 /* ShoppingListItemsScreen.swift in Sources */,
				CC3C0F2D2A6CFC1900E19BC4 /* ShoppingList.swift in Sources */,
				CC3C0F322A6E463600E19BC4 /* Migrator.swift in Sources */,
				CC3C0F362A6E490800E19BC4 /* AddShoppingListItemsScreen.swift in Sources */,
				CC3C0F2A2A6CFA5D00E19BC4 /* AddShopingListScreen.swift in Sources */,
				CC3C0F2F2A6E451F00E19BC4 /* ShoppingItem.swift in Sources */,
				CC3C0F162A6CF74700E19BC4 /* BuyPleaseApp.swift in Sources */,
			);
			runOnlyForDeploymentPostprocessing = 0;
		};
/* End PBXSourcesBuildPhase section */

/* Begin XCBuildConfiguration section */
		CC3C0F1E2A6CF74900E19BC4 /* Debug */ = {
			isa = XCBuildConfiguration;
			buildSettings = {
				ALWAYS_SEARCH_USER_PATHS = NO;
				CLANG_ANALYZER_NONNULL = YES;
				CLANG_ANALYZER_NUMBER_OBJECT_CONVERSION = YES_AGGRESSIVE;
				CLANG_CXX_LANGUAGE_STANDARD = "gnu++20";
				CLANG_ENABLE_MODULES = YES;
				CLANG_ENABLE_OBJC_ARC = YES;
				CLANG_ENABLE_OBJC_WEAK = YES;
				CLANG_WARN_BLOCK_CAPTURE_AUTORELEASING = YES;
				CLANG_WARN_BOOL_CONVERSION = YES;
				CLANG_WARN_COMMA = YES;
				CLANG_WARN_CONSTANT_CONVERSION = YES;
				CLANG_WARN_DEPRECATED_OBJC_IMPLEMENTATIONS = YES;
				CLANG_WARN_DIRECT_OBJC_ISA_USAGE = YES_ERROR;
				CLANG_WARN_DOCUMENTATION_COMMENTS = YES;
				CLANG_WARN_EMPTY_BODY = YES;
				CLANG_WARN_ENUM_CONVERSION = YES;
				CLANG_WARN_INFINITE_RECURSION = YES;
				CLANG_WARN_INT_CONVERSION = YES;
				CLANG_WARN_NON_LITERAL_NULL_CONVERSION = YES;
				CLANG_WARN_OBJC_IMPLICIT_RETAIN_SELF = YES;
				CLANG_WARN_OBJC_LITERAL_CONVERSION = YES;
				CLANG_WARN_OBJC_ROOT_CLASS = YES_ERROR;
				CLANG_WARN_QUOTED_INCLUDE_IN_FRAMEWORK_HEADER = YES;
				CLANG_WARN_RANGE_LOOP_ANALYSIS = YES;
				CLANG_WARN_STRICT_PROTOTYPES = YES;
				CLANG_WARN_SUSPICIOUS_MOVE = YES;
				CLANG_WARN_UNGUARDED_AVAILABILITY = YES_AGGRESSIVE;
				CLANG_WARN_UNREACHABLE_CODE = YES;
				CLANG_WARN__DUPLICATE_METHOD_MATCH = YES;
				COPY_PHASE_STRIP = NO;
				DEBUG_INFORMATION_FORMAT = dwarf;
				ENABLE_STRICT_OBJC_MSGSEND = YES;
				ENABLE_TESTABILITY = YES;
				GCC_C_LANGUAGE_STANDARD = gnu11;
				GCC_DYNAMIC_NO_PIC = NO;
				GCC_NO_COMMON_BLOCKS = YES;
				GCC_OPTIMIZATION_LEVEL = 0;
				GCC_PREPROCESSOR_DEFINITIONS = (
					"DEBUG=1",
					"$(inherited)",
				);
				GCC_WARN_64_TO_32_BIT_CONVERSION = YES;
				GCC_WARN_ABOUT_RETURN_TYPE = YES_ERROR;
				GCC_WARN_UNDECLARED_SELECTOR = YES;
				GCC_WARN_UNINITIALIZED_AUTOS = YES_AGGRESSIVE;
				GCC_WARN_UNUSED_FUNCTION = YES;
				GCC_WARN_UNUSED_VARIABLE = YES;
				IPHONEOS_DEPLOYMENT_TARGET = 16.4;
				MTL_ENABLE_DEBUG_INFO = INCLUDE_SOURCE;
				MTL_FAST_MATH = YES;
				ONLY_ACTIVE_ARCH = YES;
				SDKROOT = iphoneos;
				SWIFT_ACTIVE_COMPILATION_CONDITIONS = DEBUG;
				SWIFT_OPTIMIZATION_LEVEL = "-Onone";
			};
			name = Debug;
		};
		CC3C0F1F2A6CF74900E19BC4 /* Release */ = {
			isa = XCBuildConfiguration;
			buildSettings = {
				ALWAYS_SEARCH_USER_PATHS = NO;
				CLANG_ANALYZER_NONNULL = YES;
				CLANG_ANALYZER_NUMBER_OBJECT_CONVERSION = YES_AGGRESSIVE;
				CLANG_CXX_LANGUAGE_STANDARD = "gnu++20";
				CLANG_ENABLE_MODULES = YES;
				CLANG_ENABLE_OBJC_ARC = YES;
				CLANG_ENABLE_OBJC_WEAK = YES;
				CLANG_WARN_BLOCK_CAPTURE_AUTORELEASING = YES;
				CLANG_WARN_BOOL_CONVERSION = YES;
				CLANG_WARN_COMMA = YES;
				CLANG_WARN_CONSTANT_CONVERSION = YES;
				CLANG_WARN_DEPRECATED_OBJC_IMPLEMENTATIONS = YES;
				CLANG_WARN_DIRECT_OBJC_ISA_USAGE = YES_ERROR;
				CLANG_WARN_DOCUMENTATION_COMMENTS = YES;
				CLANG_WARN_EMPTY_BODY = YES;
				CLANG_WARN_ENUM_CONVERSION = YES;
				CLANG_WARN_INFINITE_RECURSION = YES;
				CLANG_WARN_INT_CONVERSION = YES;
				CLANG_WARN_NON_LITERAL_NULL_CONVERSION = YES;
				CLANG_WARN_OBJC_IMPLICIT_RETAIN_SELF = YES;
				CLANG_WARN_OBJC_LITERAL_CONVERSION = YES;
				CLANG_WARN_OBJC_ROOT_CLASS = YES_ERROR;
				CLANG_WARN_QUOTED_INCLUDE_IN_FRAMEWORK_HEADER = YES;
				CLANG_WARN_RANGE_LOOP_ANALYSIS = YES;
				CLANG_WARN_STRICT_PROTOTYPES = YES;
				CLANG_WARN_SUSPICIOUS_MOVE = YES;
				CLANG_WARN_UNGUARDED_AVAILABILITY = YES_AGGRESSIVE;
				CLANG_WARN_UNREACHABLE_CODE = YES;
				CLANG_WARN__DUPLICATE_METHOD_MATCH = YES;
				COPY_PHASE_STRIP = NO;
				DEBUG_INFORMATION_FORMAT = "dwarf-with-dsym";
				ENABLE_NS_ASSERTIONS = NO;
				ENABLE_STRICT_OBJC_MSGSEND = YES;
				GCC_C_LANGUAGE_STANDARD = gnu11;
				GCC_NO_COMMON_BLOCKS = YES;
				GCC_WARN_64_TO_32_BIT_CONVERSION = YES;
				GCC_WARN_ABOUT_RETURN_TYPE = YES_ERROR;
				GCC_WARN_UNDECLARED_SELECTOR = YES;
				GCC_WARN_UNINITIALIZED_AUTOS = YES_AGGRESSIVE;
				GCC_WARN_UNUSED_FUNCTION = YES;
				GCC_WARN_UNUSED_VARIABLE = YES;
				IPHONEOS_DEPLOYMENT_TARGET = 16.4;
				MTL_ENABLE_DEBUG_INFO = NO;
				MTL_FAST_MATH = YES;
				SDKROOT = iphoneos;
				SWIFT_COMPILATION_MODE = wholemodule;
				SWIFT_OPTIMIZATION_LEVEL = "-O";
				VALIDATE_PRODUCT = YES;
			};
			name = Release;
		};
		CC3C0F212A6CF74900E19BC4 /* Debug */ = {
			isa = XCBuildConfiguration;
			buildSettings = {
				ASSETCATALOG_COMPILER_APPICON_NAME = AppIcon;
				ASSETCATALOG_COMPILER_GLOBAL_ACCENT_COLOR_NAME = AccentColor;
				CODE_SIGN_STYLE = Automatic;
				CURRENT_PROJECT_VERSION = 1;
				DEVELOPMENT_ASSET_PATHS = "\"BuyPlease/Preview Content\"";
				ENABLE_PREVIEWS = YES;
				GENERATE_INFOPLIST_FILE = YES;
				INFOPLIST_KEY_UIApplicationSceneManifest_Generation = YES;
				INFOPLIST_KEY_UIApplicationSupportsIndirectInputEvents = YES;
				INFOPLIST_KEY_UILaunchScreen_Generation = YES;
				INFOPLIST_KEY_UISupportedInterfaceOrientations_iPad = "UIInterfaceOrientationPortrait UIInterfaceOrientationPortraitUpsideDown UIInterfaceOrientationLandscapeLeft UIInterfaceOrientationLandscapeRight";
				INFOPLIST_KEY_UISupportedInterfaceOrientations_iPhone = "UIInterfaceOrientationPortrait UIInterfaceOrientationLandscapeLeft UIInterfaceOrientationLandscapeRight";
				LD_RUNPATH_SEARCH_PATHS = (
					"$(inherited)",
					"@executable_path/Frameworks",
				);
				MARKETING_VERSION = 1.0;
				PRODUCT_BUNDLE_IDENTIFIER = com.dva.BuyPlease;
				PRODUCT_NAME = "$(TARGET_NAME)";
				SWIFT_EMIT_LOC_STRINGS = YES;
				SWIFT_VERSION = 5.0;
				TARGETED_DEVICE_FAMILY = "1,2";
			};
			name = Debug;
		};
		CC3C0F222A6CF74900E19BC4 /* Release */ = {
			isa = XCBuildConfiguration;
			buildSettings = {
				ASSETCATALOG_COMPILER_APPICON_NAME = AppIcon;
				ASSETCATALOG_COMPILER_GLOBAL_ACCENT_COLOR_NAME = AccentColor;
				CODE_SIGN_STYLE = Automatic;
				CURRENT_PROJECT_VERSION = 1;
				DEVELOPMENT_ASSET_PATHS = "\"BuyPlease/Preview Content\"";
				ENABLE_PREVIEWS = YES;
				GENERATE_INFOPLIST_FILE = YES;
				INFOPLIST_KEY_UIApplicationSceneManifest_Generation = YES;
				INFOPLIST_KEY_UIApplicationSupportsIndirectInputEvents = YES;
				INFOPLIST_KEY_UILaunchScreen_Generation = YES;
				INFOPLIST_KEY_UISupportedInterfaceOrientations_iPad = "UIInterfaceOrientationPortrait UIInterfaceOrientationPortraitUpsideDown UIInterfaceOrientationLandscapeLeft UIInterfaceOrientationLandscapeRight";
				INFOPLIST_KEY_UISupportedInterfaceOrientations_iPhone = "UIInterfaceOrientationPortrait UIInterfaceOrientationLandscapeLeft UIInterfaceOrientationLandscapeRight";
				LD_RUNPATH_SEARCH_PATHS = (
					"$(inherited)",
					"@executable_path/Frameworks",
				);
				MARKETING_VERSION = 1.0;
				PRODUCT_BUNDLE_IDENTIFIER = com.dva.BuyPlease;
				PRODUCT_NAME = "$(TARGET_NAME)";
				SWIFT_EMIT_LOC_STRINGS = YES;
				SWIFT_VERSION = 5.0;
				TARGETED_DEVICE_FAMILY = "1,2";
			};
			name = Release;
		};
/* End XCBuildConfiguration section */

/* Begin XCConfigurationList section */
		CC3C0F0D2A6CF74700E19BC4 /* Build configuration list for PBXProject "BuyPlease" */ = {
			isa = XCConfigurationList;
			buildConfigurations = (
				CC3C0F1E2A6CF74900E19BC4 /* Debug */,
				CC3C0F1F2A6CF74900E19BC4 /* Release */,
			);
			defaultConfigurationIsVisible = 0;
			defaultConfigurationName = Release;
		};
		CC3C0F202A6CF74900E19BC4 /* Build configuration list for PBXNativeTarget "BuyPlease" */ = {
			isa = XCConfigurationList;
			buildConfigurations = (
				CC3C0F212A6CF74900E19BC4 /* Debug */,
				CC3C0F222A6CF74900E19BC4 /* Release */,
			);
			defaultConfigurationIsVisible = 0;
			defaultConfigurationName = Release;
		};
/* End XCConfigurationList section */

/* Begin XCRemoteSwiftPackageReference section */
		CC3C0F232A6CF80A00E19BC4 /* XCRemoteSwiftPackageReference "realm-swift" */ = {
			isa = XCRemoteSwiftPackageReference;
			repositoryURL = "https://github.com/realm/realm-swift.git";
			requirement = {
				branch = master;
				kind = branch;
			};
		};
/* End XCRemoteSwiftPackageReference section */

/* Begin XCSwiftPackageProductDependency section */
		CC3C0F242A6CF80A00E19BC4 /* Realm */ = {
			isa = XCSwiftPackageProductDependency;
			package = CC3C0F232A6CF80A00E19BC4 /* XCRemoteSwiftPackageReference "realm-swift" */;
			productName = Realm;
		};
		CC3C0F262A6CF80A00E19BC4 /* RealmSwift */ = {
			isa = XCSwiftPackageProductDependency;
			package = CC3C0F232A6CF80A00E19BC4 /* XCRemoteSwiftPackageReference "realm-swift" */;
			productName = RealmSwift;
		};
/* End XCSwiftPackageProductDependency section */
	};
	rootObject = CC3C0F0A2A6CF74700E19BC4 /* Project object */;
}
